{
  "name": "svg",
  "lockfileVersion": 2,
  "requires": true,
  "packages": {
    "": {
      "dependencies": {
        "@tabler/icons": "^1.66.0"
      }
    },
    "node_modules/@tabler/icons": {
      "version": "1.66.0",
      "resolved": "https://registry.npmjs.org/@tabler/icons/-/icons-1.66.0.tgz",
      "integrity": "sha512-lSm1uDymlWdBbGN3TuqvzQbV3kIwcTJo0QTJJbSb5py+ivxSI/Fat/t+pA7/JqLm9rUU+CXuVj3PONSUTanxpg==",
      "funding": {
        "type": "github",
        "url": "https://github.com/sponsors/codecalm"
      },
      "peerDependencies": {
        "react": "^16.x || 17.x",
        "react-dom": "^16.x || 17.x"
      },
      "peerDependenciesMeta": {
        "react": {
          "optional": true
        },
        "react-dom": {
          "optional": true
        }
      }
    }
  },
  "dependencies": {
    "@tabler/icons": {
      "version": "1.66.0",
      "resolved": "https://registry.npmjs.org/@tabler/icons/-/icons-1.66.0.tgz",
      "integrity": "sha512-lSm1uDymlWdBbGN3TuqvzQbV3kIwcTJo0QTJJbSb5py+ivxSI/Fat/t+pA7/JqLm9rUU+CXuVj3PONSUTanxpg==",
      "requires": {}
    }
  }
}
